
Microsoft Visual Studio Solution File, Format Version 12.00
# Visual Studio Version 16
VisualStudioVersion = 16.0.29709.97
MinimumVisualStudioVersion = 10.0.40219.1
Project("{FAE04EC0-301F-11D3-BF4B-00C04F79EFBC}") = "Zap_kniga", "Zap_kniga.csproj", "{21CD2B64-540C-4005-A015-18F389794201}"
EndProject
Global
	GlobalSection(SolutionConfigurationPlatforms) = preSolution
		Debug|Any CPU = Debug|Any CPU
		Release|Any CPU = Release|Any CPU
	EndGlobalSection
	GlobalSection(ProjectConfigurationPlatforms) = postSolution
		{21CD2B64-540C-4005-A015-18F389794201}.Debug|Any CPU.ActiveCfg = Debug|Any CPU
		{21CD2B64-540C-4005-A015-18F389794201}.Debug|Any CPU.Build.0 = Debug|Any CPU
		{21CD2B64-540C-4005-A015-18F389794201}.Release|Any CPU.ActiveCfg = Release|Any CPU
		{21CD2B64-540C-4005-A015-18F389794201}.Release|Any CPU.Build.0 = Release|Any CPU
	EndGlobalSection
	GlobalSection(SolutionProperties) = preSolution
		HideSolutionNode = FALSE
	EndGlobalSection
	GlobalSection(ExtensibilityGlobals) = postSolution
		SolutionGuid = {23550348-6131-4840-AA03-537058B736D0}
	EndGlobalSection
EndGlobal
